
Microsoft Visual Studio Solution File, Format Version 12.00
# Visual Studio 15
VisualStudioVersion = 15.0.26730.15
MinimumVisualStudioVersion = 10.0.40219.1
Project("{FAE04EC0-301F-11D3-BF4B-00C04F79EFBC}") = "MVC", "MVC\MVC.csproj", "{90542665-B909-483D-866E-4F0A3B01804F}"
EndProject
Global
	GlobalSection(SolutionConfigurationPlatforms) = preSolution
		Debug|Any CPU = Debug|Any CPU
		Release|Any CPU = Release|Any CPU
	EndGlobalSection
	GlobalSection(ProjectConfigurationPlatforms) = postSolution
		{90542665-B909-483D-866E-4F0A3B01804F}.Debug|Any CPU.ActiveCfg = Debug|Any CPU
		{90542665-B909-483D-866E-4F0A3B01804F}.Debug|Any CPU.Build.0 = Debug|Any CPU
		{90542665-B909-483D-866E-4F0A3B01804F}.Release|Any CPU.ActiveCfg = Release|Any CPU
		{90542665-B909-483D-866E-4F0A3B01804F}.Release|Any CPU.Build.0 = Release|Any CPU
	EndGlobalSection
	GlobalSection(SolutionProperties) = preSolution
		HideSolutionNode = FALSE
	EndGlobalSection
	GlobalSection(ExtensibilityGlobals) = postSolution
		SolutionGuid = {A576D405-5F38-4E78-B4C1-F448DABE05B9}
	EndGlobalSection
EndGlobal
